{
  "nodes": {
    "custom-nixpkgs": {
      "locked": {
        "lastModified": 1739382990,
        "narHash": "sha256-LX69BB1vXCmhezYjQRU8aLdxbTjWe04rQJYkMuR5lq0=",
        "owner": "quapka",
        "repo": "nixpkgs",
        "rev": "283a44638f8437747faf17fab05d73eb8accdb65",
        "type": "github"
      },
      "original": {
        "owner": "quapka",
        "ref": "customPkgs",
        "repo": "nixpkgs",
        "type": "github"
      }
    },
    "flake-utils": {
      "inputs": {
        "systems": "systems"
      },
      "locked": {
        "lastModified": 1731533236,
        "narHash": "sha256-l0KFg5HjrsfsO/JpG+r7fRrqm12kzFHyUHqHCVpMMbI=",
        "owner": "numtide",
        "repo": "flake-utils",
        "rev": "11707dc2f618dd54ca8739b309ec4fc024de578b",
        "type": "github"
      },
      "original": {
        "owner": "numtide",
        "repo": "flake-utils",
        "type": "github"
      }
    },
    "flake-utils_2": {
      "inputs": {
        "systems": "systems_2"
      },
      "locked": {
        "lastModified": 1710146030,
        "narHash": "sha256-SZ5L6eA7HJ/nmkzGG7/ISclqe6oZdOZTNoesiInkXPQ=",
        "owner": "numtide",
        "repo": "flake-utils",
        "rev": "b1d9ab70662946ef0850d488da1c9019f3a9752a",
        "type": "github"
      },
      "original": {
        "owner": "numtide",
        "repo": "flake-utils",
        "type": "github"
      }
    },
    "gradle2nix": {
      "inputs": {
        "flake-utils": "flake-utils_2",
        "nixpkgs": "nixpkgs"
      },
      "locked": {
        "lastModified": 1718325867,
        "narHash": "sha256-UU9a/haXvr0qKo4noB40K7d47Zl9ZiigVE5rkeHBS7s=",
        "owner": "tadfisher",
        "repo": "gradle2nix",
        "rev": "03c1b713ad139eb6dfc8d463b5bd348368125cf1",
        "type": "github"
      },
      "original": {
        "owner": "tadfisher",
        "repo": "gradle2nix",
        "rev": "03c1b713ad139eb6dfc8d463b5bd348368125cf1",
        "type": "github"
      }
    },
    "nixpkgs": {
      "locked": {
        "lastModified": 1718160348,
        "narHash": "sha256-9YrUjdztqi4Gz8n3mBuqvCkMo4ojrA6nASwyIKWMpus=",
        "owner": "NixOS",
        "repo": "nixpkgs",
        "rev": "57d6973abba7ea108bac64ae7629e7431e0199b6",
        "type": "github"
      },
      "original": {
        "owner": "NixOS",
        "ref": "nixos-unstable",
        "repo": "nixpkgs",
        "type": "github"
      }
    },
    "nixpkgs-unstable": {
      "locked": {
        "lastModified": 1774386573,
        "narHash": "sha256-4hAV26quOxdC6iyG7kYaZcM3VOskcPUrdCQd/nx8obc=",
        "owner": "NixOS",
        "repo": "nixpkgs",
        "rev": "46db2e09e1d3f113a13c0d7b81e2f221c63b8ce9",
        "type": "github"
      },
      "original": {
        "owner": "NixOS",
        "ref": "nixos-unstable",
        "repo": "nixpkgs",
        "type": "github"
      }
    },
    "nixpkgs_2": {
      "locked": {
        "lastModified": 1774244481,
        "narHash": "sha256-4XfMXU0DjN83o6HWZoKG9PegCvKvIhNUnRUI19vzTcQ=",
        "owner": "NixOS",
        "repo": "nixpkgs",
        "rev": "4590696c8693fea477850fe379a01544293ca4e2",
        "type": "github"
      },
      "original": {
        "owner": "NixOS",
        "ref": "nixos-25.11",
        "repo": "nixpkgs",
        "type": "github"
      }
    },
    "root": {
      "inputs": {
        "custom-nixpkgs": "custom-nixpkgs",
        "flake-utils": "flake-utils",
        "gradle2nix": "gradle2nix",
        "nixpkgs": "nixpkgs_2",
        "nixpkgs-unstable": "nixpkgs-unstable"
      }
    },
    "systems": {
      "locked": {
        "lastModified": 1681028828,
        "narHash": "sha256-Vy1rq5AaRuLzOxct8nz4T6wlgyUR7zLU309k9mBC768=",
        "owner": "nix-systems",
        "repo": "default",
        "rev": "da67096a3b9bf56a91d16901293e51ba5b49a27e",
        "type": "github"
      },
      "original": {
        "owner": "nix-systems",
        "repo": "default",
        "type": "github"
      }
    },
    "systems_2": {
      "locked": {
        "lastModified": 1681028828,
        "narHash": "sha256-Vy1rq5AaRuLzOxct8nz4T6wlgyUR7zLU309k9mBC768=",
        "owner": "nix-systems",
        "repo": "default",
        "rev": "da67096a3b9bf56a91d16901293e51ba5b49a27e",
        "type": "github"
      },
      "original": {
        "owner": "nix-systems",
        "repo": "default",
        "type": "github"
      }
    }
  },
  "root": "root",
  "version": 7
}
